// !$*UTF8*$!
{
	archiveVersion = 1;
	classes = {
	};
	objectVersion = 52;
	objects = {

/* Begin PBXBuildFile section */
		07307CAE29457BB9001E2E55 /* MQTTDevice.swift in Sources */ = {isa = PBXBuildFile; fileRef = 07307CAD29457BAE001E2E55 /* MQTTDevice.swift */; };
		07DE20C22941971A00CA4C9D /* CocoaMQTT in Frameworks */ = {isa = PBXBuildFile; productRef = 07DE20C12941971A00CA4C9D /* CocoaMQTT */; };
		D013EB13243687DC00F1BE8A /* SolarSystemUIView.swift in Sources */ = {isa = PBXBuildFile; fileRef = D013EB12243687DC00F1BE8A /* SolarSystemUIView.swift */; };
		D09E65FA24009891003CC631 /* AppDelegate.swift in Sources */ = {isa = PBXBuildFile; fileRef = D09E65F924009891003CC631 /* AppDelegate.swift */; };
		D09E65FC24009891003CC631 /* SceneDelegate.swift in Sources */ = {isa = PBXBuildFile; fileRef = D09E65FB24009891003CC631 /* SceneDelegate.swift */; };
		D09E65FE24009891003CC631 /* ContentView.swift in Sources */ = {isa = PBXBuildFile; fileRef = D09E65FD24009891003CC631 /* ContentView.swift */; };
		D09E660024009892003CC631 /* Assets.xcassets in Resources */ = {isa = PBXBuildFile; fileRef = D09E65FF24009892003CC631 /* Assets.xcassets */; };
		D09E660324009892003CC631 /* Preview Assets.xcassets in Resources */ = {isa = PBXBuildFile; fileRef = D09E660224009892003CC631 /* Preview Assets.xcassets */; };
		D09E660624009892003CC631 /* LaunchScreen.storyboard in Resources */ = {isa = PBXBuildFile; fileRef = D09E660424009892003CC631 /* LaunchScreen.storyboard */; };
		D09E663824009A2C003CC631 /* BaseDevice.swift in Sources */ = {isa = PBXBuildFile; fileRef = D09E663124009A2C003CC631 /* BaseDevice.swift */; };
/* End PBXBuildFile section */

/* Begin PBXContainerItemProxy section */
		D09E660D24009892003CC631 /* PBXContainerItemProxy */ = {
			isa = PBXContainerItemProxy;
			containerPortal = D09E65EE24009891003CC631 /* Project object */;
			proxyType = 1;
			remoteGlobalIDString = D09E65F524009891003CC631;
			remoteInfo = SolarMonitor;
		};
		D09E661824009892003CC631 /* PBXContainerItemProxy */ = {
			isa = PBXContainerItemProxy;
			containerPortal = D09E65EE24009891003CC631 /* Project object */;
			proxyType = 1;
			remoteGlobalIDString = D09E65F524009891003CC631;
			remoteInfo = SolarMonitor;
		};
/* End PBXContainerItemProxy section */

/* Begin PBXCopyFilesBuildPhase section */
		D013EB1024363A8F00F1BE8A /* Embed Frameworks */ = {
			isa = PBXCopyFilesBuildPhase;
			buildActionMask = 2147483647;
			dstPath = "";
			dstSubfolderSpec = 10;
			files = (
			);
			name = "Embed Frameworks";
			runOnlyForDeploymentPostprocessing = 0;
		};
/* End PBXCopyFilesBuildPhase section */

/* Begin PBXFileReference section */
		07307CAD29457BAE001E2E55 /* MQTTDevice.swift */ = {isa = PBXFileReference; lastKnownFileType = sourcecode.swift; path = MQTTDevice.swift; sourceTree = "<group>"; };
		D013EB12243687DC00F1BE8A /* SolarSystemUIView.swift */ = {isa = PBXFileReference; lastKnownFileType = sourcecode.swift; path = SolarSystemUIView.swift; sourceTree = "<group>"; };
		D01DA3ED245B342E00DEAC08 /* SolarMonitor.entitlements */ = {isa = PBXFileReference; lastKnownFileType = text.plist.entitlements; path = SolarMonitor.entitlements; sourceTree = "<group>"; };
		D09E65F624009891003CC631 /* SolarMonitor.app */ = {isa = PBXFileReference; explicitFileType = wrapper.application; includeInIndex = 0; path = SolarMonitor.app; sourceTree = BUILT_PRODUCTS_DIR; };
		D09E65F924009891003CC631 /* AppDelegate.swift */ = {isa = PBXFileReference; lastKnownFileType = sourcecode.swift; path = AppDelegate.swift; sourceTree = "<group>"; };
		D09E65FB24009891003CC631 /* SceneDelegate.swift */ = {isa = PBXFileReference; lastKnownFileType = sourcecode.swift; path = SceneDelegate.swift; sourceTree = "<group>"; };
		D09E65FD24009891003CC631 /* ContentView.swift */ = {isa = PBXFileReference; lastKnownFileType = sourcecode.swift; path = ContentView.swift; sourceTree = "<group>"; };
		D09E65FF24009892003CC631 /* Assets.xcassets */ = {isa = PBXFileReference; lastKnownFileType = folder.assetcatalog; path = Assets.xcassets; sourceTree = "<group>"; };
		D09E660224009892003CC631 /* Preview Assets.xcassets */ = {isa = PBXFileReference; lastKnownFileType = folder.assetcatalog; path = "Preview Assets.xcassets"; sourceTree = "<group>"; };
		D09E660524009892003CC631 /* Base */ = {isa = PBXFileReference; lastKnownFileType = file.storyboard; name = Base; path = Base.lproj/LaunchScreen.storyboard; sourceTree = "<group>"; };
		D09E660724009892003CC631 /* Info.plist */ = {isa = PBXFileReference; lastKnownFileType = text.plist.xml; path = Info.plist; sourceTree = "<group>"; };
		D09E660C24009892003CC631 /* SolarMonitorTests.xctest */ = {isa = PBXFileReference; explicitFileType = wrapper.cfbundle; includeInIndex = 0; path = SolarMonitorTests.xctest; sourceTree = BUILT_PRODUCTS_DIR; };
		D09E661724009892003CC631 /* SolarMonitorUITests.xctest */ = {isa = PBXFileReference; explicitFileType = wrapper.cfbundle; includeInIndex = 0; path = SolarMonitorUITests.xctest; sourceTree = BUILT_PRODUCTS_DIR; };
		D09E663124009A2C003CC631 /* BaseDevice.swift */ = {isa = PBXFileReference; fileEncoding = 4; lastKnownFileType = sourcecode.swift; path = BaseDevice.swift; sourceTree = "<group>"; };
/* End PBXFileReference section */

/* Begin PBXFrameworksBuildPhase section */
		D09E65F324009891003CC631 /* Frameworks */ = {
			isa = PBXFrameworksBuildPhase;
			buildActionMask = 2147483647;
			files = (
				07DE20C22941971A00CA4C9D /* CocoaMQTT in Frameworks */,
			);
			runOnlyForDeploymentPostprocessing = 0;
		};
		D09E660924009892003CC631 /* Frameworks */ = {
			isa = PBXFrameworksBuildPhase;
			buildActionMask = 2147483647;
			files = (
			);
			runOnlyForDeploymentPostprocessing = 0;
		};
		D09E661424009892003CC631 /* Frameworks */ = {
			isa = PBXFrameworksBuildPhase;
			buildActionMask = 2147483647;
			files = (
			);
			runOnlyForDeploymentPostprocessing = 0;
		};
/* End PBXFrameworksBuildPhase section */

/* Begin PBXGroup section */
		D013EB0D24363A8E00F1BE8A /* Frameworks */ = {
			isa = PBXGroup;
			children = (
			);
			name = Frameworks;
			sourceTree = "<group>";
		};
		D013EB11243687B200F1BE8A /* UI Widgets */ = {
			isa = PBXGroup;
			children = (
				D013EB12243687DC00F1BE8A /* SolarSystemUIView.swift */,
			);
			path = "UI Widgets";
			sourceTree = "<group>";
		};
		D09E65ED24009891003CC631 = {
			isa = PBXGroup;
			children = (
				D09E65F824009891003CC631 /* SolarMonitor */,
				D09E65F724009891003CC631 /* Products */,
				D013EB0D24363A8E00F1BE8A /* Frameworks */,
			);
			sourceTree = "<group>";
		};
		D09E65F724009891003CC631 /* Products */ = {
			isa = PBXGroup;
			children = (
				D09E65F624009891003CC631 /* SolarMonitor.app */,
				D09E660C24009892003CC631 /* SolarMonitorTests.xctest */,
				D09E661724009892003CC631 /* SolarMonitorUITests.xctest */,
			);
			name = Products;
			sourceTree = "<group>";
		};
		D09E65F824009891003CC631 /* SolarMonitor */ = {
			isa = PBXGroup;
			children = (
				D01DA3ED245B342E00DEAC08 /* SolarMonitor.entitlements */,
				D013EB11243687B200F1BE8A /* UI Widgets */,
				D09E663124009A2C003CC631 /* BaseDevice.swift */,
				07307CAD29457BAE001E2E55 /* MQTTDevice.swift */,
				D09E65F924009891003CC631 /* AppDelegate.swift */,
				D09E65FB24009891003CC631 /* SceneDelegate.swift */,
				D09E65FD24009891003CC631 /* ContentView.swift */,
				D09E65FF24009892003CC631 /* Assets.xcassets */,
				D09E660424009892003CC631 /* LaunchScreen.storyboard */,
				D09E660724009892003CC631 /* Info.plist */,
				D09E660124009892003CC631 /* Preview Content */,
			);
			path = SolarMonitor;
			sourceTree = "<group>";
		};
		D09E660124009892003CC631 /* Preview Content */ = {
			isa = PBXGroup;
			children = (
				D09E660224009892003CC631 /* Preview Assets.xcassets */,
			);
			path = "Preview Content";
			sourceTree = "<group>";
		};
/* End PBXGroup section */

/* Begin PBXNativeTarget section */
		D09E65F524009891003CC631 /* SolarMonitor */ = {
			isa = PBXNativeTarget;
			buildConfigurationList = D09E662024009892003CC631 /* Build configuration list for PBXNativeTarget "SolarMonitor" */;
			buildPhases = (
				D09E65F224009891003CC631 /* Sources */,
				D09E65F324009891003CC631 /* Frameworks */,
				D09E65F424009891003CC631 /* Resources */,
				D013EB1024363A8F00F1BE8A /* Embed Frameworks */,
			);
			buildRules = (
			);
			dependencies = (
			);
			name = SolarMonitor;
			packageProductDependencies = (
				07DE20C12941971A00CA4C9D /* CocoaMQTT */,
			);
			productName = SolarMonitor;
			productReference = D09E65F624009891003CC631 /* SolarMonitor.app */;
			productType = "com.apple.product-type.application";
		};
		D09E660B24009892003CC631 /* SolarMonitorTests */ = {
			isa = PBXNativeTarget;
			buildConfigurationList = D09E662324009892003CC631 /* Build configuration list for PBXNativeTarget "SolarMonitorTests" */;
			buildPhases = (
				D09E660824009892003CC631 /* Sources */,
				D09E660924009892003CC631 /* Frameworks */,
				D09E660A24009892003CC631 /* Resources */,
			);
			buildRules = (
			);
			dependencies = (
				D09E660E24009892003CC631 /* PBXTargetDependency */,
			);
			name = SolarMonitorTests;
			productName = SolarMonitorTests;
			productReference = D09E660C24009892003CC631 /* SolarMonitorTests.xctest */;
			productType = "com.apple.product-type.bundle.unit-test";
		};
		D09E661624009892003CC631 /* SolarMonitorUITests */ = {
			isa = PBXNativeTarget;
			buildConfigurationList = D09E662624009892003CC631 /* Build configuration list for PBXNativeTarget "SolarMonitorUITests" */;
			buildPhases = (
				D09E661324009892003CC631 /* Sources */,
				D09E661424009892003CC631 /* Frameworks */,
				D09E661524009892003CC631 /* Resources */,
			);
			buildRules = (
			);
			dependencies = (
				D09E661924009892003CC631 /* PBXTargetDependency */,
			);
			name = SolarMonitorUITests;
			productName = SolarMonitorUITests;
			productReference = D09E661724009892003CC631 /* SolarMonitorUITests.xctest */;
			productType = "com.apple.product-type.bundle.ui-testing";
		};
/* End PBXNativeTarget section */

/* Begin PBXProject section */
		D09E65EE24009891003CC631 /* Project object */ = {
			isa = PBXProject;
			attributes = {
				LastSwiftUpdateCheck = 1130;
				LastUpgradeCheck = 1320;
				ORGANIZATIONNAME = "Eric Vickery";
				TargetAttributes = {
					D09E65F524009891003CC631 = {
						CreatedOnToolsVersion = 11.3.1;
					};
					D09E660B24009892003CC631 = {
						CreatedOnToolsVersion = 11.3.1;
						TestTargetID = D09E65F524009891003CC631;
					};
					D09E661624009892003CC631 = {
						CreatedOnToolsVersion = 11.3.1;
						TestTargetID = D09E65F524009891003CC631;
					};
				};
			};
			buildConfigurationList = D09E65F124009891003CC631 /* Build configuration list for PBXProject "SolarMonitor" */;
			compatibilityVersion = "Xcode 9.3";
			developmentRegion = en;
			hasScannedForEncodings = 0;
			knownRegions = (
				en,
				Base,
			);
			mainGroup = D09E65ED24009891003CC631;
			packageReferences = (
				07DE20C02941971A00CA4C9D /* XCRemoteSwiftPackageReference "CocoaMQTT" */,
			);
			productRefGroup = D09E65F724009891003CC631 /* Products */;
			projectDirPath = "";
			projectRoot = "";
			targets = (
				D09E65F524009891003CC631 /* SolarMonitor */,
				D09E660B24009892003CC631 /* SolarMonitorTests */,
				D09E661624009892003CC631 /* SolarMonitorUITests */,
			);
		};
/* End PBXProject section */

/* Begin PBXResourcesBuildPhase section */
		D09E65F424009891003CC631 /* Resources */ = {
			isa = PBXResourcesBuildPhase;
			buildActionMask = 2147483647;
			files = (
				D09E660624009892003CC631 /* LaunchScreen.storyboard in Resources */,
				D09E660324009892003CC631 /* Preview Assets.xcassets in Resources */,
				D09E660024009892003CC631 /* Assets.xcassets in Resources */,
			);
			runOnlyForDeploymentPostprocessing = 0;
		};
		D09E660A24009892003CC631 /* Resources */ = {
			isa = PBXResourcesBuildPhase;
			buildActionMask = 2147483647;
			files = (
			);
			runOnlyForDeploymentPostprocessing = 0;
		};
		D09E661524009892003CC631 /* Resources */ = {
			isa = PBXResourcesBuildPhase;
			buildActionMask = 2147483647;
			files = (
			);
			runOnlyForDeploymentPostprocessing = 0;
		};
/* End PBXResourcesBuildPhase section */

/* Begin PBXSourcesBuildPhase section */
		D09E65F224009891003CC631 /* Sources */ = {
			isa = PBXSourcesBuildPhase;
			buildActionMask = 2147483647;
			files = (
				D09E65FA24009891003CC631 /* AppDelegate.swift in Sources */,
				07307CAE29457BB9001E2E55 /* MQTTDevice.swift in Sources */,
				D09E65FC24009891003CC631 /* SceneDelegate.swift in Sources */,
				D09E663824009A2C003CC631 /* BaseDevice.swift in Sources */,
				D09E65FE24009891003CC631 /* ContentView.swift in Sources */,
				D013EB13243687DC00F1BE8A /* SolarSystemUIView.swift in Sources */,
			);
			runOnlyForDeploymentPostprocessing = 0;
		};
		D09E660824009892003CC631 /* Sources */ = {
			isa = PBXSourcesBuildPhase;
			buildActionMask = 2147483647;
			files = (
			);
			runOnlyForDeploymentPostprocessing = 0;
		};
		D09E661324009892003CC631 /* Sources */ = {
			isa = PBXSourcesBuildPhase;
			buildActionMask = 2147483647;
			files = (
			);
			runOnlyForDeploymentPostprocessing = 0;
		};
/* End PBXSourcesBuildPhase section */

/* Begin PBXTargetDependency section */
		D09E660E24009892003CC631 /* PBXTargetDependency */ = {
			isa = PBXTargetDependency;
			target = D09E65F524009891003CC631 /* SolarMonitor */;
			targetProxy = D09E660D24009892003CC631 /* PBXContainerItemProxy */;
		};
		D09E661924009892003CC631 /* PBXTargetDependency */ = {
			isa = PBXTargetDependency;
			target = D09E65F524009891003CC631 /* SolarMonitor */;
			targetProxy = D09E661824009892003CC631 /* PBXContainerItemProxy */;
		};
/* End PBXTargetDependency section */

/* Begin PBXVariantGroup section */
		D09E660424009892003CC631 /* LaunchScreen.storyboard */ = {
			isa = PBXVariantGroup;
			children = (
				D09E660524009892003CC631 /* Base */,
			);
			name = LaunchScreen.storyboard;
			sourceTree = "<group>";
		};
/* End PBXVariantGroup section */

/* Begin XCBuildConfiguration section */
		D09E661E24009892003CC631 /* Debug */ = {
			isa = XCBuildConfiguration;
			buildSettings = {
				ALWAYS_SEARCH_USER_PATHS = NO;
				CLANG_ANALYZER_NONNULL = YES;
				CLANG_ANALYZER_NUMBER_OBJECT_CONVERSION = YES_AGGRESSIVE;
				CLANG_CXX_LANGUAGE_STANDARD = "gnu++14";
				CLANG_CXX_LIBRARY = "libc++";
				CLANG_ENABLE_MODULES = YES;
				CLANG_ENABLE_OBJC_ARC = YES;
				CLANG_ENABLE_OBJC_WEAK = YES;
				CLANG_WARN_BLOCK_CAPTURE_AUTORELEASING = YES;
				CLANG_WARN_BOOL_CONVERSION = YES;
				CLANG_WARN_COMMA = YES;
				CLANG_WARN_CONSTANT_CONVERSION = YES;
				CLANG_WARN_DEPRECATED_OBJC_IMPLEMENTATIONS = YES;
				CLANG_WARN_DIRECT_OBJC_ISA_USAGE = YES_ERROR;
				CLANG_WARN_DOCUMENTATION_COMMENTS = YES;
				CLANG_WARN_EMPTY_BODY = YES;
				CLANG_WARN_ENUM_CONVERSION = YES;
				CLANG_WARN_INFINITE_RECURSION = YES;
				CLANG_WARN_INT_CONVERSION = YES;
				CLANG_WARN_NON_LITERAL_NULL_CONVERSION = YES;
				CLANG_WARN_OBJC_IMPLICIT_RETAIN_SELF = YES;
				CLANG_WARN_OBJC_LITERAL_CONVERSION = YES;
				CLANG_WARN_OBJC_ROOT_CLASS = YES_ERROR;
				CLANG_WARN_QUOTED_INCLUDE_IN_FRAMEWORK_HEADER = YES;
				CLANG_WARN_RANGE_LOOP_ANALYSIS = YES;
				CLANG_WARN_STRICT_PROTOTYPES = YES;
				CLANG_WARN_SUSPICIOUS_MOVE = YES;
				CLANG_WARN_UNGUARDED_AVAILABILITY = YES_AGGRESSIVE;
				CLANG_WARN_UNREACHABLE_CODE = YES;
				CLANG_WARN__DUPLICATE_METHOD_MATCH = YES;
				COPY_PHASE_STRIP = NO;
				DEBUG_INFORMATION_FORMAT = dwarf;
				ENABLE_STRICT_OBJC_MSGSEND = YES;
				ENABLE_TESTABILITY = YES;
				GCC_C_LANGUAGE_STANDARD = gnu11;
				GCC_DYNAMIC_NO_PIC = NO;
				GCC_NO_COMMON_BLOCKS = YES;
				GCC_OPTIMIZATION_LEVEL = 0;
				GCC_PREPROCESSOR_DEFINITIONS = (
					"DEBUG=1",
					"$(inherited)",
				);
				GCC_WARN_64_TO_32_BIT_CONVERSION = YES;
				GCC_WARN_ABOUT_RETURN_TYPE = YES_ERROR;
				GCC_WARN_UNDECLARED_SELECTOR = YES;
				GCC_WARN_UNINITIALIZED_AUTOS = YES_AGGRESSIVE;
				GCC_WARN_UNUSED_FUNCTION = YES;
				GCC_WARN_UNUSED_VARIABLE = YES;
				IPHONEOS_DEPLOYMENT_TARGET = 14.4;
				MTL_ENABLE_DEBUG_INFO = INCLUDE_SOURCE;
				MTL_FAST_MATH = YES;
				ONLY_ACTIVE_ARCH = YES;
				SDKROOT = iphoneos;
				SWIFT_ACTIVE_COMPILATION_CONDITIONS = DEBUG;
				SWIFT_OPTIMIZATION_LEVEL = "-Onone";
			};
			name = Debug;
		};
		D09E661F24009892003CC631 /* Release */ = {
			isa = XCBuildConfiguration;
			buildSettings = {
				ALWAYS_SEARCH_USER_PATHS = NO;
				CLANG_ANALYZER_NONNULL = YES;
				CLANG_ANALYZER_NUMBER_OBJECT_CONVERSION = YES_AGGRESSIVE;
				CLANG_CXX_LANGUAGE_STANDARD = "gnu++14";
				CLANG_CXX_LIBRARY = "libc++";
				CLANG_ENABLE_MODULES = YES;
				CLANG_ENABLE_OBJC_ARC = YES;
				CLANG_ENABLE_OBJC_WEAK = YES;
				CLANG_WARN_BLOCK_CAPTURE_AUTORELEASING = YES;
				CLANG_WARN_BOOL_CONVERSION = YES;
				CLANG_WARN_COMMA = YES;
				CLANG_WARN_CONSTANT_CONVERSION = YES;
				CLANG_WARN_DEPRECATED_OBJC_IMPLEMENTATIONS = YES;
				CLANG_WARN_DIRECT_OBJC_ISA_USAGE = YES_ERROR;
				CLANG_WARN_DOCUMENTATION_COMMENTS = YES;
				CLANG_WARN_EMPTY_BODY = YES;
				CLANG_WARN_ENUM_CONVERSION = YES;
				CLANG_WARN_INFINITE_RECURSION = YES;
				CLANG_WARN_INT_CONVERSION = YES;
				CLANG_WARN_NON_LITERAL_NULL_CONVERSION = YES;
				CLANG_WARN_OBJC_IMPLICIT_RETAIN_SELF = YES;
				CLANG_WARN_OBJC_LITERAL_CONVERSION = YES;
				CLANG_WARN_OBJC_ROOT_CLASS = YES_ERROR;
				CLANG_WARN_QUOTED_INCLUDE_IN_FRAMEWORK_HEADER = YES;
				CLANG_WARN_RANGE_LOOP_ANALYSIS = YES;
				CLANG_WARN_STRICT_PROTOTYPES = YES;
				CLANG_WARN_SUSPICIOUS_MOVE = YES;
				CLANG_WARN_UNGUARDED_AVAILABILITY = YES_AGGRESSIVE;
				CLANG_WARN_UNREACHABLE_CODE = YES;
				CLANG_WARN__DUPLICATE_METHOD_MATCH = YES;
				COPY_PHASE_STRIP = NO;
				DEBUG_INFORMATION_FORMAT = "dwarf-with-dsym";
				ENABLE_NS_ASSERTIONS = NO;
				ENABLE_STRICT_OBJC_MSGSEND = YES;
				GCC_C_LANGUAGE_STANDARD = gnu11;
				GCC_NO_COMMON_BLOCKS = YES;
				GCC_WARN_64_TO_32_BIT_CONVERSION = YES;
				GCC_WARN_ABOUT_RETURN_TYPE = YES_ERROR;
				GCC_WARN_UNDECLARED_SELECTOR = YES;
				GCC_WARN_UNINITIALIZED_AUTOS = YES_AGGRESSIVE;
				GCC_WARN_UNUSED_FUNCTION = YES;
				GCC_WARN_UNUSED_VARIABLE = YES;
				IPHONEOS_DEPLOYMENT_TARGET = 14.4;
				MTL_ENABLE_DEBUG_INFO = NO;
				MTL_FAST_MATH = YES;
				SDKROOT = iphoneos;
				SWIFT_COMPILATION_MODE = wholemodule;
				SWIFT_OPTIMIZATION_LEVEL = "-O";
				VALIDATE_PRODUCT = YES;
			};
			name = Release;
		};
		D09E662124009892003CC631 /* Debug */ = {
			isa = XCBuildConfiguration;
			buildSettings = {
				ASSETCATALOG_COMPILER_APPICON_NAME = AppIcon;
				CODE_SIGN_ENTITLEMENTS = SolarMonitor/SolarMonitor.entitlements;
				"CODE_SIGN_IDENTITY[sdk=macosx*]" = "Apple Development";
				CODE_SIGN_STYLE = Automatic;
				DEVELOPMENT_ASSET_PATHS = "\"SolarMonitor/Preview Content\"";
				DEVELOPMENT_TEAM = CWNCTDGDL5;
				ENABLE_PREVIEWS = YES;
				INFOPLIST_FILE = SolarMonitor/Info.plist;
				LD_RUNPATH_SEARCH_PATHS = (
					"$(inherited)",
					"@executable_path/Frameworks",
				);
				PRODUCT_BUNDLE_IDENTIFIER = com.serenitymountainranch.SolarMonitor;
				PRODUCT_NAME = "$(TARGET_NAME)";
				SUPPORTS_MACCATALYST = YES;
				SWIFT_VERSION = 5.0;
				TARGETED_DEVICE_FAMILY = "1,2";
			};
			name = Debug;
		};
		D09E662224009892003CC631 /* Release */ = {
			isa = XCBuildConfiguration;
			buildSettings = {
				ASSETCATALOG_COMPILER_APPICON_NAME = AppIcon;
				CODE_SIGN_ENTITLEMENTS = SolarMonitor/SolarMonitor.entitlements;
				"CODE_SIGN_IDENTITY[sdk=macosx*]" = "Apple Development";
				CODE_SIGN_STYLE = Automatic;
				DEVELOPMENT_ASSET_PATHS = "\"SolarMonitor/Preview Content\"";
				DEVELOPMENT_TEAM = CWNCTDGDL5;
				ENABLE_PREVIEWS = YES;
				INFOPLIST_FILE = SolarMonitor/Info.plist;
				LD_RUNPATH_SEARCH_PATHS = (
					"$(inherited)",
					"@executable_path/Frameworks",
				);
				PRODUCT_BUNDLE_IDENTIFIER = com.serenitymountainranch.SolarMonitor;
				PRODUCT_NAME = "$(TARGET_NAME)";
				SUPPORTS_MACCATALYST = YES;
				SWIFT_VERSION = 5.0;
				TARGETED_DEVICE_FAMILY = "1,2";
			};
			name = Release;
		};
		D09E662424009892003CC631 /* Debug */ = {
			isa = XCBuildConfiguration;
			buildSettings = {
				ALWAYS_EMBED_SWIFT_STANDARD_LIBRARIES = YES;
				BUNDLE_LOADER = "$(TEST_HOST)";
				CODE_SIGN_STYLE = Automatic;
				DEVELOPMENT_TEAM = CWNCTDGDL5;
				INFOPLIST_FILE = SolarMonitorTests/Info.plist;
				IPHONEOS_DEPLOYMENT_TARGET = 13.2;
				LD_RUNPATH_SEARCH_PATHS = (
					"$(inherited)",
					"@executable_path/Frameworks",
					"@loader_path/Frameworks",
				);
				PRODUCT_BUNDLE_IDENTIFIER = com.serenitymountainranch.SolarMonitorTests;
				PRODUCT_NAME = "$(TARGET_NAME)";
				SWIFT_VERSION = 5.0;
				TARGETED_DEVICE_FAMILY = "1,2";
				TEST_HOST = "$(BUILT_PRODUCTS_DIR)/SolarMonitor.app/SolarMonitor";
			};
			name = Debug;
		};
		D09E662524009892003CC631 /* Release */ = {
			isa = XCBuildConfiguration;
			buildSettings = {
				ALWAYS_EMBED_SWIFT_STANDARD_LIBRARIES = YES;
				BUNDLE_LOADER = "$(TEST_HOST)";
				CODE_SIGN_STYLE = Automatic;
				DEVELOPMENT_TEAM = CWNCTDGDL5;
				INFOPLIST_FILE = SolarMonitorTests/Info.plist;
				IPHONEOS_DEPLOYMENT_TARGET = 13.2;
				LD_RUNPATH_SEARCH_PATHS = (
					"$(inherited)",
					"@executable_path/Frameworks",
					"@loader_path/Frameworks",
				);
				PRODUCT_BUNDLE_IDENTIFIER = com.serenitymountainranch.SolarMonitorTests;
				PRODUCT_NAME = "$(TARGET_NAME)";
				SWIFT_VERSION = 5.0;
				TARGETED_DEVICE_FAMILY = "1,2";
				TEST_HOST = "$(BUILT_PRODUCTS_DIR)/SolarMonitor.app/SolarMonitor";
			};
			name = Release;
		};
		D09E662724009892003CC631 /* Debug */ = {
			isa = XCBuildConfiguration;
			buildSettings = {
				ALWAYS_EMBED_SWIFT_STANDARD_LIBRARIES = YES;
				CODE_SIGN_STYLE = Automatic;
				DEVELOPMENT_TEAM = CWNCTDGDL5;
				INFOPLIST_FILE = SolarMonitorUITests/Info.plist;
				LD_RUNPATH_SEARCH_PATHS = (
					"$(inherited)",
					"@executable_path/Frameworks",
					"@loader_path/Frameworks",
				);
				PRODUCT_BUNDLE_IDENTIFIER = com.serenitymountainranch.SolarMonitorUITests;
				PRODUCT_NAME = "$(TARGET_NAME)";
				SWIFT_VERSION = 5.0;
				TARGETED_DEVICE_FAMILY = "1,2";
				TEST_TARGET_NAME = SolarMonitor;
			};
			name = Debug;
		};
		D09E662824009892003CC631 /* Release */ = {
			isa = XCBuildConfiguration;
			buildSettings = {
				ALWAYS_EMBED_SWIFT_STANDARD_LIBRARIES = YES;
				CODE_SIGN_STYLE = Automatic;
				DEVELOPMENT_TEAM = CWNCTDGDL5;
				INFOPLIST_FILE = SolarMonitorUITests/Info.plist;
				LD_RUNPATH_SEARCH_PATHS = (
					"$(inherited)",
					"@executable_path/Frameworks",
					"@loader_path/Frameworks",
				);
				PRODUCT_BUNDLE_IDENTIFIER = com.serenitymountainranch.SolarMonitorUITests;
				PRODUCT_NAME = "$(TARGET_NAME)";
				SWIFT_VERSION = 5.0;
				TARGETED_DEVICE_FAMILY = "1,2";
				TEST_TARGET_NAME = SolarMonitor;
			};
			name = Release;
		};
/* End XCBuildConfiguration section */

/* Begin XCConfigurationList section */
		D09E65F124009891003CC631 /* Build configuration list for PBXProject "SolarMonitor" */ = {
			isa = XCConfigurationList;
			buildConfigurations = (
				D09E661E24009892003CC631 /* Debug */,
				D09E661F24009892003CC631 /* Release */,
			);
			defaultConfigurationIsVisible = 0;
			defaultConfigurationName = Release;
		};
		D09E662024009892003CC631 /* Build configuration list for PBXNativeTarget "SolarMonitor" */ = {
			isa = XCConfigurationList;
			buildConfigurations = (
				D09E662124009892003CC631 /* Debug */,
				D09E662224009892003CC631 /* Release */,
			);
			defaultConfigurationIsVisible = 0;
			defaultConfigurationName = Release;
		};
		D09E662324009892003CC631 /* Build configuration list for PBXNativeTarget "SolarMonitorTests" */ = {
			isa = XCConfigurationList;
			buildConfigurations = (
				D09E662424009892003CC631 /* Debug */,
				D09E662524009892003CC631 /* Release */,
			);
			defaultConfigurationIsVisible = 0;
			defaultConfigurationName = Release;
		};
		D09E662624009892003CC631 /* Build configuration list for PBXNativeTarget "SolarMonitorUITests" */ = {
			isa = XCConfigurationList;
			buildConfigurations = (
				D09E662724009892003CC631 /* Debug */,
				D09E662824009892003CC631 /* Release */,
			);
			defaultConfigurationIsVisible = 0;
			defaultConfigurationName = Release;
		};
/* End XCConfigurationList section */

/* Begin XCRemoteSwiftPackageReference section */
		07DE20C02941971A00CA4C9D /* XCRemoteSwiftPackageReference "CocoaMQTT" */ = {
			isa = XCRemoteSwiftPackageReference;
			repositoryURL = "https://github.com/emqx/CocoaMQTT.git";
			requirement = {
				kind = upToNextMajorVersion;
				minimumVersion = 2.0.8;
			};
		};
/* End XCRemoteSwiftPackageReference section */

/* Begin XCSwiftPackageProductDependency section */
		07DE20C12941971A00CA4C9D /* CocoaMQTT */ = {
			isa = XCSwiftPackageProductDependency;
			package = 07DE20C02941971A00CA4C9D /* XCRemoteSwiftPackageReference "CocoaMQTT" */;
			productName = CocoaMQTT;
		};
/* End XCSwiftPackageProductDependency section */
	};
	rootObject = D09E65EE24009891003CC631 /* Project object */;
}
